
Microsoft Visual Studio Solution File, Format Version 12.00
# Visual Studio Version 16
VisualStudioVersion = 16.0.31321.278
MinimumVisualStudioVersion = 10.0.40219.1
Project("{FAE04EC0-301F-11D3-BF4B-00C04F79EFBC}") = "Lr5(g)", "Lr5(g)\Lr5(g).csproj", "{A8B4AC9E-1FC3-4788-A5DB-11C6DD722D97}"
EndProject
Global
	GlobalSection(SolutionConfigurationPlatforms) = preSolution
		Debug|Any CPU = Debug|Any CPU
		Release|Any CPU = Release|Any CPU
	EndGlobalSection
	GlobalSection(ProjectConfigurationPlatforms) = postSolution
		{A8B4AC9E-1FC3-4788-A5DB-11C6DD722D97}.Debug|Any CPU.ActiveCfg = Debug|Any CPU
		{A8B4AC9E-1FC3-4788-A5DB-11C6DD722D97}.Debug|Any CPU.Build.0 = Debug|Any CPU
		{A8B4AC9E-1FC3-4788-A5DB-11C6DD722D97}.Release|Any CPU.ActiveCfg = Release|Any CPU
		{A8B4AC9E-1FC3-4788-A5DB-11C6DD722D97}.Release|Any CPU.Build.0 = Release|Any CPU
	EndGlobalSection
	GlobalSection(SolutionProperties) = preSolution
		HideSolutionNode = FALSE
	EndGlobalSection
	GlobalSection(ExtensibilityGlobals) = postSolution
		SolutionGuid = {1A09AC53-5753-4FB3-95A7-DFC98506C7C6}
	EndGlobalSection
EndGlobal
